
Microsoft Visual Studio Solution File, Format Version 12.00
# Visual Studio Version 16
VisualStudioVersion = 16.0.29920.165
MinimumVisualStudioVersion = 10.0.40219.1
Project("{FAE04EC0-301F-11D3-BF4B-00C04F79EFBC}") = "SortingAlgorithms", "SortingAlgorithms.csproj", "{24FF393B-8831-4D13-A87B-156CE393BD66}"
EndProject
Global
	GlobalSection(SolutionConfigurationPlatforms) = preSolution
		Debug|Any CPU = Debug|Any CPU
		Release|Any CPU = Release|Any CPU
	EndGlobalSection
	GlobalSection(ProjectConfigurationPlatforms) = postSolution
		{24FF393B-8831-4D13-A87B-156CE393BD66}.Debug|Any CPU.ActiveCfg = Debug|Any CPU
		{24FF393B-8831-4D13-A87B-156CE393BD66}.Debug|Any CPU.Build.0 = Debug|Any CPU
		{24FF393B-8831-4D13-A87B-156CE393BD66}.Release|Any CPU.ActiveCfg = Release|Any CPU
		{24FF393B-8831-4D13-A87B-156CE393BD66}.Release|Any CPU.Build.0 = Release|Any CPU
	EndGlobalSection
	GlobalSection(SolutionProperties) = preSolution
		HideSolutionNode = FALSE
	EndGlobalSection
	GlobalSection(ExtensibilityGlobals) = postSolution
		SolutionGuid = {954B1A32-E554-4CEF-ACAD-F3B32D8B7E84}
	EndGlobalSection
EndGlobal
